
Microsoft Visual Studio Solution File, Format Version 12.00
# Visual Studio Version 17
VisualStudioVersion = 17.3.32929.385
MinimumVisualStudioVersion = 10.0.40219.1
Project("{8BC9CEB8-8B4A-11D0-8D11-00A0C91BC942}") = "lab4_nazwy_wlasne", "lab4_nazwy_wlasne.vcxproj", "{20AB3F4F-43D6-4B2E-9935-2E0D778C5A8A}"
EndProject
Global
	GlobalSection(SolutionConfigurationPlatforms) = preSolution
		Debug|x64 = Debug|x64
		Debug|x86 = Debug|x86
		Release|x64 = Release|x64
		Release|x86 = Release|x86
	EndGlobalSection
	GlobalSection(ProjectConfigurationPlatforms) = postSolution
		{20AB3F4F-43D6-4B2E-9935-2E0D778C5A8A}.Debug|x64.ActiveCfg = Debug|x64
		{20AB3F4F-43D6-4B2E-9935-2E0D778C5A8A}.Debug|x64.Build.0 = Debug|x64
		{20AB3F4F-43D6-4B2E-9935-2E0D778C5A8A}.Debug|x86.ActiveCfg = Debug|Win32
		{20AB3F4F-43D6-4B2E-9935-2E0D778C5A8A}.Debug|x86.Build.0 = Debug|Win32
		{20AB3F4F-43D6-4B2E-9935-2E0D778C5A8A}.Release|x64.ActiveCfg = Release|x64
		{20AB3F4F-43D6-4B2E-9935-2E0D778C5A8A}.Release|x64.Build.0 = Release|x64
		{20AB3F4F-43D6-4B2E-9935-2E0D778C5A8A}.Release|x86.ActiveCfg = Release|Win32
		{20AB3F4F-43D6-4B2E-9935-2E0D778C5A8A}.Release|x86.Build.0 = Release|Win32
	EndGlobalSection
	GlobalSection(SolutionProperties) = preSolution
		HideSolutionNode = FALSE
	EndGlobalSection
	GlobalSection(ExtensibilityGlobals) = postSolution
		SolutionGuid = {F1E0A8CE-D06A-4349-9951-29621F5674C3}
	EndGlobalSection
EndGlobal
