
Microsoft Visual Studio Solution File, Format Version 12.00
# Visual Studio Version 17
VisualStudioVersion = 17.3.32929.385
MinimumVisualStudioVersion = 10.0.40219.1
Project("{8BC9CEB8-8B4A-11D0-8D11-00A0C91BC942}") = "lab1_2", "lab1_2.vcxproj", "{CDB2D63E-ED77-4380-B322-42CD55000EDB}"
EndProject
Global
	GlobalSection(SolutionConfigurationPlatforms) = preSolution
		Debug|x64 = Debug|x64
		Debug|x86 = Debug|x86
		Release|x64 = Release|x64
		Release|x86 = Release|x86
	EndGlobalSection
	GlobalSection(ProjectConfigurationPlatforms) = postSolution
		{CDB2D63E-ED77-4380-B322-42CD55000EDB}.Debug|x64.ActiveCfg = Debug|x64
		{CDB2D63E-ED77-4380-B322-42CD55000EDB}.Debug|x64.Build.0 = Debug|x64
		{CDB2D63E-ED77-4380-B322-42CD55000EDB}.Debug|x86.ActiveCfg = Debug|Win32
		{CDB2D63E-ED77-4380-B322-42CD55000EDB}.Debug|x86.Build.0 = Debug|Win32
		{CDB2D63E-ED77-4380-B322-42CD55000EDB}.Release|x64.ActiveCfg = Release|x64
		{CDB2D63E-ED77-4380-B322-42CD55000EDB}.Release|x64.Build.0 = Release|x64
		{CDB2D63E-ED77-4380-B322-42CD55000EDB}.Release|x86.ActiveCfg = Release|Win32
		{CDB2D63E-ED77-4380-B322-42CD55000EDB}.Release|x86.Build.0 = Release|Win32
	EndGlobalSection
	GlobalSection(SolutionProperties) = preSolution
		HideSolutionNode = FALSE
	EndGlobalSection
	GlobalSection(ExtensibilityGlobals) = postSolution
		SolutionGuid = {A559E098-1EB5-4B4E-B4CF-32EB6FD95203}
	EndGlobalSection
EndGlobal
