
Microsoft Visual Studio Solution File, Format Version 12.00
# Visual Studio Version 17
VisualStudioVersion = 17.3.32929.385
MinimumVisualStudioVersion = 10.0.40219.1
Project("{8BC9CEB8-8B4A-11D0-8D11-00A0C91BC942}") = "zad4_1", "zad4_1.vcxproj", "{88F528C3-38CD-4FDE-B3E2-A6E1B8B9B64E}"
EndProject
Global
	GlobalSection(SolutionConfigurationPlatforms) = preSolution
		Debug|x64 = Debug|x64
		Debug|x86 = Debug|x86
		Release|x64 = Release|x64
		Release|x86 = Release|x86
	EndGlobalSection
	GlobalSection(ProjectConfigurationPlatforms) = postSolution
		{88F528C3-38CD-4FDE-B3E2-A6E1B8B9B64E}.Debug|x64.ActiveCfg = Debug|x64
		{88F528C3-38CD-4FDE-B3E2-A6E1B8B9B64E}.Debug|x64.Build.0 = Debug|x64
		{88F528C3-38CD-4FDE-B3E2-A6E1B8B9B64E}.Debug|x86.ActiveCfg = Debug|Win32
		{88F528C3-38CD-4FDE-B3E2-A6E1B8B9B64E}.Debug|x86.Build.0 = Debug|Win32
		{88F528C3-38CD-4FDE-B3E2-A6E1B8B9B64E}.Release|x64.ActiveCfg = Release|x64
		{88F528C3-38CD-4FDE-B3E2-A6E1B8B9B64E}.Release|x64.Build.0 = Release|x64
		{88F528C3-38CD-4FDE-B3E2-A6E1B8B9B64E}.Release|x86.ActiveCfg = Release|Win32
		{88F528C3-38CD-4FDE-B3E2-A6E1B8B9B64E}.Release|x86.Build.0 = Release|Win32
	EndGlobalSection
	GlobalSection(SolutionProperties) = preSolution
		HideSolutionNode = FALSE
	EndGlobalSection
	GlobalSection(ExtensibilityGlobals) = postSolution
		SolutionGuid = {60B05FD7-CFCA-4CDE-96EA-804B1DB0E97E}
	EndGlobalSection
EndGlobal
