
Microsoft Visual Studio Solution File, Format Version 12.00
# Visual Studio Version 17
VisualStudioVersion = 17.3.32929.385
MinimumVisualStudioVersion = 10.0.40219.1
Project("{8BC9CEB8-8B4A-11D0-8D11-00A0C91BC942}") = "zad4_3", "zad4_3.vcxproj", "{DA42BE83-7114-459A-BF0B-25C4F25316AE}"
EndProject
Global
	GlobalSection(SolutionConfigurationPlatforms) = preSolution
		Debug|x64 = Debug|x64
		Debug|x86 = Debug|x86
		Release|x64 = Release|x64
		Release|x86 = Release|x86
	EndGlobalSection
	GlobalSection(ProjectConfigurationPlatforms) = postSolution
		{DA42BE83-7114-459A-BF0B-25C4F25316AE}.Debug|x64.ActiveCfg = Debug|x64
		{DA42BE83-7114-459A-BF0B-25C4F25316AE}.Debug|x64.Build.0 = Debug|x64
		{DA42BE83-7114-459A-BF0B-25C4F25316AE}.Debug|x86.ActiveCfg = Debug|Win32
		{DA42BE83-7114-459A-BF0B-25C4F25316AE}.Debug|x86.Build.0 = Debug|Win32
		{DA42BE83-7114-459A-BF0B-25C4F25316AE}.Release|x64.ActiveCfg = Release|x64
		{DA42BE83-7114-459A-BF0B-25C4F25316AE}.Release|x64.Build.0 = Release|x64
		{DA42BE83-7114-459A-BF0B-25C4F25316AE}.Release|x86.ActiveCfg = Release|Win32
		{DA42BE83-7114-459A-BF0B-25C4F25316AE}.Release|x86.Build.0 = Release|Win32
	EndGlobalSection
	GlobalSection(SolutionProperties) = preSolution
		HideSolutionNode = FALSE
	EndGlobalSection
	GlobalSection(ExtensibilityGlobals) = postSolution
		SolutionGuid = {38BA8645-16F1-47E1-9896-AB574433F9BA}
	EndGlobalSection
EndGlobal
